// !$*UTF8*$!
{
	archiveVersion = 1;
	classes = {
	};
	objectVersion = 46;
	objects = {

/* Begin PBXBuildFile section */
		EB9E8DA81C9EA8BC00037A5E /* main.m in Sources */ = {isa = PBXBuildFile; fileRef = EB9E8DA71C9EA8BC00037A5E /* main.m */; };
		EB9E8DAB1C9EA8BC00037A5E /* AppDelegate.m in Sources */ = {isa = PBXBuildFile; fileRef = EB9E8DAA1C9EA8BC00037A5E /* AppDelegate.m */; };
		EB9E8DAE1C9EA8BC00037A5E /* ViewController.m in Sources */ = {isa = PBXBuildFile; fileRef = EB9E8DAD1C9EA8BC00037A5E /* ViewController.m */; };
		EB9E8DB11C9EA8BC00037A5E /* Main.storyboard in Resources */ = {isa = PBXBuildFile; fileRef = EB9E8DAF1C9EA8BC00037A5E /* Main.storyboard */; };
		EB9E8DB31C9EA8BC00037A5E /* Assets.xcassets in Resources */ = {isa = PBXBuildFile; fileRef = EB9E8DB21C9EA8BC00037A5E /* Assets.xcassets */; };
		EB9E8DB61C9EA8BC00037A5E /* LaunchScreen.storyboard in Resources */ = {isa = PBXBuildFile; fileRef = EB9E8DB41C9EA8BC00037A5E /* LaunchScreen.storyboard */; };
		EB9E8DBE1C9EA93E00037A5E /* libxml2.tbd in Frameworks */ = {isa = PBXBuildFile; fileRef = EB9E8DBD1C9EA93E00037A5E /* libxml2.tbd */; };
		EB9E8DC21C9EAB4F00037A5E /* CrReport.xml in Resources */ = {isa = PBXBuildFile; fileRef = EB9E8DC11C9EAB4F00037A5E /* CrReport.xml */; };
		EB9E8DC51C9EAC8700037A5E /* XMLParser.m in Sources */ = {isa = PBXBuildFile; fileRef = EB9E8DC41C9EAC8700037A5E /* XMLParser.m */; };
/* End PBXBuildFile section */

/* Begin PBXFileReference section */
		EB9E8DA31C9EA8BC00037A5E /* XmlParse.app */ = {isa = PBXFileReference; explicitFileType = wrapper.application; includeInIndex = 0; path = XmlParse.app; sourceTree = BUILT_PRODUCTS_DIR; };
		EB9E8DA71C9EA8BC00037A5E /* main.m */ = {isa = PBXFileReference; lastKnownFileType = sourcecode.c.objc; path = main.m; sourceTree = "<group>"; };
		EB9E8DA91C9EA8BC00037A5E /* AppDelegate.h */ = {isa = PBXFileReference; lastKnownFileType = sourcecode.c.h; path = AppDelegate.h; sourceTree = "<group>"; };
		EB9E8DAA1C9EA8BC00037A5E /* AppDelegate.m */ = {isa = PBXFileReference; lastKnownFileType = sourcecode.c.objc; path = AppDelegate.m; sourceTree = "<group>"; };
		EB9E8DAC1C9EA8BC00037A5E /* ViewController.h */ = {isa = PBXFileReference; lastKnownFileType = sourcecode.c.h; path = ViewController.h; sourceTree = "<group>"; };
		EB9E8DAD1C9EA8BC00037A5E /* ViewController.m */ = {isa = PBXFileReference; lastKnownFileType = sourcecode.c.objc; path = ViewController.m; sourceTree = "<group>"; };
		EB9E8DB01C9EA8BC00037A5E /* Base */ = {isa = PBXFileReference; lastKnownFileType = file.storyboard; name = Base; path = Base.lproj/Main.storyboard; sourceTree = "<group>"; };
		EB9E8DB21C9EA8BC00037A5E /* Assets.xcassets */ = {isa = PBXFileReference; lastKnownFileType = folder.assetcatalog; path = Assets.xcassets; sourceTree = "<group>"; };
		EB9E8DB51C9EA8BC00037A5E /* Base */ = {isa = PBXFileReference; lastKnownFileType = file.storyboard; name = Base; path = Base.lproj/LaunchScreen.storyboard; sourceTree = "<group>"; };
		EB9E8DB71C9EA8BC00037A5E /* Info.plist */ = {isa = PBXFileReference; lastKnownFileType = text.plist.xml; path = Info.plist; sourceTree = "<group>"; };
		EB9E8DBD1C9EA93E00037A5E /* libxml2.tbd */ = {isa = PBXFileReference; lastKnownFileType = "sourcecode.text-based-dylib-definition"; name = libxml2.tbd; path = usr/lib/libxml2.tbd; sourceTree = SDKROOT; };
		EB9E8DC11C9EAB4F00037A5E /* CrReport.xml */ = {isa = PBXFileReference; fileEncoding = 4; lastKnownFileType = text.xml; path = CrReport.xml; sourceTree = "<group>"; };
		EB9E8DC31C9EAC8700037A5E /* XMLParser.h */ = {isa = PBXFileReference; fileEncoding = 4; lastKnownFileType = sourcecode.c.h; path = XMLParser.h; sourceTree = "<group>"; };
		EB9E8DC41C9EAC8700037A5E /* XMLParser.m */ = {isa = PBXFileReference; fileEncoding = 4; lastKnownFileType = sourcecode.c.objc; path = XMLParser.m; sourceTree = "<group>"; };
/* End PBXFileReference section */

/* Begin PBXFrameworksBuildPhase section */
		EB9E8DA01C9EA8BC00037A5E /* Frameworks */ = {
			isa = PBXFrameworksBuildPhase;
			buildActionMask = 2147483647;
			files = (
				EB9E8DBE1C9EA93E00037A5E /* libxml2.tbd in Frameworks */,
			);
			runOnlyForDeploymentPostprocessing = 0;
		};
/* End PBXFrameworksBuildPhase section */

/* Begin PBXGroup section */
		EB9E8D9A1C9EA8BC00037A5E = {
			isa = PBXGroup;
			children = (
				EB9E8DBD1C9EA93E00037A5E /* libxml2.tbd */,
				EB9E8DA51C9EA8BC00037A5E /* XmlParse */,
				EB9E8DA41C9EA8BC00037A5E /* Products */,
			);
			sourceTree = "<group>";
		};
		EB9E8DA41C9EA8BC00037A5E /* Products */ = {
			isa = PBXGroup;
			children = (
				EB9E8DA31C9EA8BC00037A5E /* XmlParse.app */,
			);
			name = Products;
			sourceTree = "<group>";
		};
		EB9E8DA51C9EA8BC00037A5E /* XmlParse */ = {
			isa = PBXGroup;
			children = (
				EB9E8DC11C9EAB4F00037A5E /* CrReport.xml */,
				EB9E8DA91C9EA8BC00037A5E /* AppDelegate.h */,
				EB9E8DAA1C9EA8BC00037A5E /* AppDelegate.m */,
				EB9E8DAC1C9EA8BC00037A5E /* ViewController.h */,
				EB9E8DAD1C9EA8BC00037A5E /* ViewController.m */,
				EB9E8DC31C9EAC8700037A5E /* XMLParser.h */,
				EB9E8DC41C9EAC8700037A5E /* XMLParser.m */,
				EB9E8DAF1C9EA8BC00037A5E /* Main.storyboard */,
				EB9E8DB21C9EA8BC00037A5E /* Assets.xcassets */,
				EB9E8DB41C9EA8BC00037A5E /* LaunchScreen.storyboard */,
				EB9E8DB71C9EA8BC00037A5E /* Info.plist */,
				EB9E8DA61C9EA8BC00037A5E /* Supporting Files */,
			);
			path = XmlParse;
			sourceTree = "<group>";
		};
		EB9E8DA61C9EA8BC00037A5E /* Supporting Files */ = {
			isa = PBXGroup;
			children = (
				EB9E8DA71C9EA8BC00037A5E /* main.m */,
			);
			name = "Supporting Files";
			sourceTree = "<group>";
		};
/* End PBXGroup section */

/* Begin PBXNativeTarget section */
		EB9E8DA21C9EA8BC00037A5E /* XmlParse */ = {
			isa = PBXNativeTarget;
			buildConfigurationList = EB9E8DBA1C9EA8BC00037A5E /* Build configuration list for PBXNativeTarget "XmlParse" */;
			buildPhases = (
				EB9E8D9F1C9EA8BC00037A5E /* Sources */,
				EB9E8DA01C9EA8BC00037A5E /* Frameworks */,
				EB9E8DA11C9EA8BC00037A5E /* Resources */,
			);
			buildRules = (
			);
			dependencies = (
			);
			name = XmlParse;
			productName = XmlParse;
			productReference = EB9E8DA31C9EA8BC00037A5E /* XmlParse.app */;
			productType = "com.apple.product-type.application";
		};
/* End PBXNativeTarget section */

/* Begin PBXProject section */
		EB9E8D9B1C9EA8BC00037A5E /* Project object */ = {
			isa = PBXProject;
			attributes = {
				LastUpgradeCheck = 0720;
				ORGANIZATIONNAME = com.ylgwhyh.XmlParse;
				TargetAttributes = {
					EB9E8DA21C9EA8BC00037A5E = {
						CreatedOnToolsVersion = 7.2.1;
					};
				};
			};
			buildConfigurationList = EB9E8D9E1C9EA8BC00037A5E /* Build configuration list for PBXProject "XmlParse" */;
			compatibilityVersion = "Xcode 3.2";
			developmentRegion = English;
			hasScannedForEncodings = 0;
			knownRegions = (
				en,
				Base,
			);
			mainGroup = EB9E8D9A1C9EA8BC00037A5E;
			productRefGroup = EB9E8DA41C9EA8BC00037A5E /* Products */;
			projectDirPath = "";
			projectRoot = "";
			targets = (
				EB9E8DA21C9EA8BC00037A5E /* XmlParse */,
			);
		};
/* End PBXProject section */

/* Begin PBXResourcesBuildPhase section */
		EB9E8DA11C9EA8BC00037A5E /* Resources */ = {
			isa = PBXResourcesBuildPhase;
			buildActionMask = 2147483647;
			files = (
				EB9E8DC21C9EAB4F00037A5E /* CrReport.xml in Resources */,
				EB9E8DB61C9EA8BC00037A5E /* LaunchScreen.storyboard in Resources */,
				EB9E8DB31C9EA8BC00037A5E /* Assets.xcassets in Resources */,
				EB9E8DB11C9EA8BC00037A5E /* Main.storyboard in Resources */,
			);
			runOnlyForDeploymentPostprocessing = 0;
		};
/* End PBXResourcesBuildPhase section */

/* Begin PBXSourcesBuildPhase section */
		EB9E8D9F1C9EA8BC00037A5E /* Sources */ = {
			isa = PBXSourcesBuildPhase;
			buildActionMask = 2147483647;
			files = (
				EB9E8DC51C9EAC8700037A5E /* XMLParser.m in Sources */,
				EB9E8DAE1C9EA8BC00037A5E /* ViewController.m in Sources */,
				EB9E8DAB1C9EA8BC00037A5E /* AppDelegate.m in Sources */,
				EB9E8DA81C9EA8BC00037A5E /* main.m in Sources */,
			);
			runOnlyForDeploymentPostprocessing = 0;
		};
/* End PBXSourcesBuildPhase section */

/* Begin PBXVariantGroup section */
		EB9E8DAF1C9EA8BC00037A5E /* Main.storyboard */ = {
			isa = PBXVariantGroup;
			children = (
				EB9E8DB01C9EA8BC00037A5E /* Base */,
			);
			name = Main.storyboard;
			sourceTree = "<group>";
		};
		EB9E8DB41C9EA8BC00037A5E /* LaunchScreen.storyboard */ = {
			isa = PBXVariantGroup;
			children = (
				EB9E8DB51C9EA8BC00037A5E /* Base */,
			);
			name = LaunchScreen.storyboard;
			sourceTree = "<group>";
		};
/* End PBXVariantGroup section */

/* Begin XCBuildConfiguration section */
		EB9E8DB81C9EA8BC00037A5E /* Debug */ = {
			isa = XCBuildConfiguration;
			buildSettings = {
				ALWAYS_SEARCH_USER_PATHS = NO;
				CLANG_CXX_LANGUAGE_STANDARD = "gnu++0x";
				CLANG_CXX_LIBRARY = "libc++";
				CLANG_ENABLE_MODULES = YES;
				CLANG_ENABLE_OBJC_ARC = YES;
				CLANG_WARN_BOOL_CONVERSION = YES;
				CLANG_WARN_CONSTANT_CONVERSION = YES;
				CLANG_WARN_DIRECT_OBJC_ISA_USAGE = YES_ERROR;
				CLANG_WARN_EMPTY_BODY = YES;
				CLANG_WARN_ENUM_CONVERSION = YES;
				CLANG_WARN_INT_CONVERSION = YES;
				CLANG_WARN_OBJC_ROOT_CLASS = YES_ERROR;
				CLANG_WARN_UNREACHABLE_CODE = YES;
				CLANG_WARN__DUPLICATE_METHOD_MATCH = YES;
				"CODE_SIGN_IDENTITY[sdk=iphoneos*]" = "iPhone Developer";
				COPY_PHASE_STRIP = NO;
				DEBUG_INFORMATION_FORMAT = dwarf;
				ENABLE_STRICT_OBJC_MSGSEND = YES;
				ENABLE_TESTABILITY = YES;
				GCC_C_LANGUAGE_STANDARD = gnu99;
				GCC_DYNAMIC_NO_PIC = NO;
				GCC_NO_COMMON_BLOCKS = YES;
				GCC_OPTIMIZATION_LEVEL = 0;
				GCC_PREPROCESSOR_DEFINITIONS = (
					"DEBUG=1",
					"$(inherited)",
				);
				GCC_WARN_64_TO_32_BIT_CONVERSION = YES;
				GCC_WARN_ABOUT_RETURN_TYPE = YES_ERROR;
				GCC_WARN_UNDECLARED_SELECTOR = YES;
				GCC_WARN_UNINITIALIZED_AUTOS = YES_AGGRESSIVE;
				GCC_WARN_UNUSED_FUNCTION = YES;
				GCC_WARN_UNUSED_VARIABLE = YES;
				IPHONEOS_DEPLOYMENT_TARGET = 9.2;
				MTL_ENABLE_DEBUG_INFO = YES;
				ONLY_ACTIVE_ARCH = YES;
				SDKROOT = iphoneos;
			};
			name = Debug;
		};
		EB9E8DB91C9EA8BC00037A5E /* Release */ = {
			isa = XCBuildConfiguration;
			buildSettings = {
				ALWAYS_SEARCH_USER_PATHS = NO;
				CLANG_CXX_LANGUAGE_STANDARD = "gnu++0x";
				CLANG_CXX_LIBRARY = "libc++";
				CLANG_ENABLE_MODULES = YES;
				CLANG_ENABLE_OBJC_ARC = YES;
				CLANG_WARN_BOOL_CONVERSION = YES;
				CLANG_WARN_CONSTANT_CONVERSION = YES;
				CLANG_WARN_DIRECT_OBJC_ISA_USAGE = YES_ERROR;
				CLANG_WARN_EMPTY_BODY = YES;
				CLANG_WARN_ENUM_CONVERSION = YES;
				CLANG_WARN_INT_CONVERSION = YES;
				CLANG_WARN_OBJC_ROOT_CLASS = YES_ERROR;
				CLANG_WARN_UNREACHABLE_CODE = YES;
				CLANG_WARN__DUPLICATE_METHOD_MATCH = YES;
				"CODE_SIGN_IDENTITY[sdk=iphoneos*]" = "iPhone Developer";
				COPY_PHASE_STRIP = NO;
				DEBUG_INFORMATION_FORMAT = "dwarf-with-dsym";
				ENABLE_NS_ASSERTIONS = NO;
				ENABLE_STRICT_OBJC_MSGSEND = YES;
				GCC_C_LANGUAGE_STANDARD = gnu99;
				GCC_NO_COMMON_BLOCKS = YES;
				GCC_WARN_64_TO_32_BIT_CONVERSION = YES;
				GCC_WARN_ABOUT_RETURN_TYPE = YES_ERROR;
				GCC_WARN_UNDECLARED_SELECTOR = YES;
				GCC_WARN_UNINITIALIZED_AUTOS = YES_AGGRESSIVE;
				GCC_WARN_UNUSED_FUNCTION = YES;
				GCC_WARN_UNUSED_VARIABLE = YES;
				IPHONEOS_DEPLOYMENT_TARGET = 9.2;
				MTL_ENABLE_DEBUG_INFO = NO;
				SDKROOT = iphoneos;
				VALIDATE_PRODUCT = YES;
			};
			name = Release;
		};
		EB9E8DBB1C9EA8BC00037A5E /* Debug */ = {
			isa = XCBuildConfiguration;
			buildSettings = {
				ASSETCATALOG_COMPILER_APPICON_NAME = AppIcon;
				INFOPLIST_FILE = XmlParse/Info.plist;
				LD_RUNPATH_SEARCH_PATHS = "$(inherited) @executable_path/Frameworks";
				OTHER_LDFLAGS = "-lxml2";
				PRODUCT_BUNDLE_IDENTIFIER = ylgwhyh.XmlParse;
				PRODUCT_NAME = "$(TARGET_NAME)";
			};
			name = Debug;
		};
		EB9E8DBC1C9EA8BC00037A5E /* Release */ = {
			isa = XCBuildConfiguration;
			buildSettings = {
				ASSETCATALOG_COMPILER_APPICON_NAME = AppIcon;
				INFOPLIST_FILE = XmlParse/Info.plist;
				LD_RUNPATH_SEARCH_PATHS = "$(inherited) @executable_path/Frameworks";
				OTHER_LDFLAGS = "-lxml2";
				PRODUCT_BUNDLE_IDENTIFIER = ylgwhyh.XmlParse;
				PRODUCT_NAME = "$(TARGET_NAME)";
			};
			name = Release;
		};
/* End XCBuildConfiguration section */

/* Begin XCConfigurationList section */
		EB9E8D9E1C9EA8BC00037A5E /* Build configuration list for PBXProject "XmlParse" */ = {
			isa = XCConfigurationList;
			buildConfigurations = (
				EB9E8DB81C9EA8BC00037A5E /* Debug */,
				EB9E8DB91C9EA8BC00037A5E /* Release */,
			);
			defaultConfigurationIsVisible = 0;
			defaultConfigurationName = Release;
		};
		EB9E8DBA1C9EA8BC00037A5E /* Build configuration list for PBXNativeTarget "XmlParse" */ = {
			isa = XCConfigurationList;
			buildConfigurations = (
				EB9E8DBB1C9EA8BC00037A5E /* Debug */,
				EB9E8DBC1C9EA8BC00037A5E /* Release */,
			);
			defaultConfigurationIsVisible = 0;
		};
/* End XCConfigurationList section */
	};
	rootObject = EB9E8D9B1C9EA8BC00037A5E /* Project object */;
}
