// !$*UTF8*$!
{
	archiveVersion = 1;
	classes = {
	};
	objectVersion = 46;
	objects = {

/* Begin PBXBuildFile section */
		EB145AA41C92759F00F75B0D /* main.m in Sources */ = {isa = PBXBuildFile; fileRef = EB145AA31C92759F00F75B0D /* main.m */; };
		EB145AA71C92759F00F75B0D /* AppDelegate.m in Sources */ = {isa = PBXBuildFile; fileRef = EB145AA61C92759F00F75B0D /* AppDelegate.m */; };
		EB145AAA1C92759F00F75B0D /* ViewController.m in Sources */ = {isa = PBXBuildFile; fileRef = EB145AA91C92759F00F75B0D /* ViewController.m */; };
		EB145AAD1C92759F00F75B0D /* Main.storyboard in Resources */ = {isa = PBXBuildFile; fileRef = EB145AAB1C92759F00F75B0D /* Main.storyboard */; };
		EB145AAF1C92759F00F75B0D /* Assets.xcassets in Resources */ = {isa = PBXBuildFile; fileRef = EB145AAE1C92759F00F75B0D /* Assets.xcassets */; };
		EB145AB21C92759F00F75B0D /* LaunchScreen.storyboard in Resources */ = {isa = PBXBuildFile; fileRef = EB145AB01C92759F00F75B0D /* LaunchScreen.storyboard */; };
		EB145ABB1C92771D00F75B0D /* VIMessage.m in Sources */ = {isa = PBXBuildFile; fileRef = EB145ABA1C92771D00F75B0D /* VIMessage.m */; };
		EB145AC11C92778600F75B0D /* LICENSE in Resources */ = {isa = PBXBuildFile; fileRef = EB145ABD1C92778600F75B0D /* LICENSE */; };
		EB145AC21C92778600F75B0D /* MBProgressHUD.m in Sources */ = {isa = PBXBuildFile; fileRef = EB145ABF1C92778600F75B0D /* MBProgressHUD.m */; };
		EB145AC31C92778600F75B0D /* README.mdown in Sources */ = {isa = PBXBuildFile; fileRef = EB145AC01C92778600F75B0D /* README.mdown */; };
		EB31D5A61C9843CC00338333 /* MBProgressHUD.bundle in Resources */ = {isa = PBXBuildFile; fileRef = EB31D5A51C9843CC00338333 /* MBProgressHUD.bundle */; };
		EB7D93AF1C983673007CA0FB /* MBProgressHUD+YL.m in Sources */ = {isa = PBXBuildFile; fileRef = EB7D93AE1C983673007CA0FB /* MBProgressHUD+YL.m */; };
/* End PBXBuildFile section */

/* Begin PBXFileReference section */
		EB145A9F1C92759F00F75B0D /* MBProgressHUDDemoPerson.app */ = {isa = PBXFileReference; explicitFileType = wrapper.application; includeInIndex = 0; path = MBProgressHUDDemoPerson.app; sourceTree = BUILT_PRODUCTS_DIR; };
		EB145AA31C92759F00F75B0D /* main.m */ = {isa = PBXFileReference; lastKnownFileType = sourcecode.c.objc; path = main.m; sourceTree = "<group>"; };
		EB145AA51C92759F00F75B0D /* AppDelegate.h */ = {isa = PBXFileReference; lastKnownFileType = sourcecode.c.h; path = AppDelegate.h; sourceTree = "<group>"; };
		EB145AA61C92759F00F75B0D /* AppDelegate.m */ = {isa = PBXFileReference; lastKnownFileType = sourcecode.c.objc; path = AppDelegate.m; sourceTree = "<group>"; };
		EB145AA81C92759F00F75B0D /* ViewController.h */ = {isa = PBXFileReference; lastKnownFileType = sourcecode.c.h; path = ViewController.h; sourceTree = "<group>"; };
		EB145AA91C92759F00F75B0D /* ViewController.m */ = {isa = PBXFileReference; lastKnownFileType = sourcecode.c.objc; path = ViewController.m; sourceTree = "<group>"; };
		EB145AAC1C92759F00F75B0D /* Base */ = {isa = PBXFileReference; lastKnownFileType = file.storyboard; name = Base; path = Base.lproj/Main.storyboard; sourceTree = "<group>"; };
		EB145AAE1C92759F00F75B0D /* Assets.xcassets */ = {isa = PBXFileReference; lastKnownFileType = folder.assetcatalog; path = Assets.xcassets; sourceTree = "<group>"; };
		EB145AB11C92759F00F75B0D /* Base */ = {isa = PBXFileReference; lastKnownFileType = file.storyboard; name = Base; path = Base.lproj/LaunchScreen.storyboard; sourceTree = "<group>"; };
		EB145AB31C92759F00F75B0D /* Info.plist */ = {isa = PBXFileReference; lastKnownFileType = text.plist.xml; path = Info.plist; sourceTree = "<group>"; };
		EB145AB91C92771D00F75B0D /* VIMessage.h */ = {isa = PBXFileReference; fileEncoding = 4; lastKnownFileType = sourcecode.c.h; path = VIMessage.h; sourceTree = "<group>"; };
		EB145ABA1C92771D00F75B0D /* VIMessage.m */ = {isa = PBXFileReference; fileEncoding = 4; lastKnownFileType = sourcecode.c.objc; path = VIMessage.m; sourceTree = "<group>"; };
		EB145ABD1C92778600F75B0D /* LICENSE */ = {isa = PBXFileReference; fileEncoding = 4; lastKnownFileType = text; path = LICENSE; sourceTree = "<group>"; };
		EB145ABE1C92778600F75B0D /* MBProgressHUD.h */ = {isa = PBXFileReference; fileEncoding = 4; lastKnownFileType = sourcecode.c.h; path = MBProgressHUD.h; sourceTree = "<group>"; };
		EB145ABF1C92778600F75B0D /* MBProgressHUD.m */ = {isa = PBXFileReference; fileEncoding = 4; lastKnownFileType = sourcecode.c.objc; path = MBProgressHUD.m; sourceTree = "<group>"; };
		EB145AC01C92778600F75B0D /* README.mdown */ = {isa = PBXFileReference; fileEncoding = 4; lastKnownFileType = net.daringfireball.markdown; path = README.mdown; sourceTree = "<group>"; };
		EB145AC91C9299FE00F75B0D /* Common.h */ = {isa = PBXFileReference; lastKnownFileType = sourcecode.c.h; path = Common.h; sourceTree = "<group>"; };
		EB31D5A51C9843CC00338333 /* MBProgressHUD.bundle */ = {isa = PBXFileReference; lastKnownFileType = "wrapper.plug-in"; path = MBProgressHUD.bundle; sourceTree = "<group>"; };
		EB7D93AD1C983673007CA0FB /* MBProgressHUD+YL.h */ = {isa = PBXFileReference; fileEncoding = 4; lastKnownFileType = sourcecode.c.h; path = "MBProgressHUD+YL.h"; sourceTree = "<group>"; };
		EB7D93AE1C983673007CA0FB /* MBProgressHUD+YL.m */ = {isa = PBXFileReference; fileEncoding = 4; lastKnownFileType = sourcecode.c.objc; path = "MBProgressHUD+YL.m"; sourceTree = "<group>"; };
/* End PBXFileReference section */

/* Begin PBXFrameworksBuildPhase section */
		EB145A9C1C92759F00F75B0D /* Frameworks */ = {
			isa = PBXFrameworksBuildPhase;
			buildActionMask = 2147483647;
			files = (
			);
			runOnlyForDeploymentPostprocessing = 0;
		};
/* End PBXFrameworksBuildPhase section */

/* Begin PBXGroup section */
		EB145A961C92759F00F75B0D = {
			isa = PBXGroup;
			children = (
				EB145AA11C92759F00F75B0D /* MBProgressHUDDemoPerson */,
				EB145AA01C92759F00F75B0D /* Products */,
			);
			sourceTree = "<group>";
		};
		EB145AA01C92759F00F75B0D /* Products */ = {
			isa = PBXGroup;
			children = (
				EB145A9F1C92759F00F75B0D /* MBProgressHUDDemoPerson.app */,
			);
			name = Products;
			sourceTree = "<group>";
		};
		EB145AA11C92759F00F75B0D /* MBProgressHUDDemoPerson */ = {
			isa = PBXGroup;
			children = (
				EB7D93AC1C983420007CA0FB /* MBProgressHUD+YL */,
				EB145ABC1C92778600F75B0D /* MBProgressHUD */,
				EB145AA51C92759F00F75B0D /* AppDelegate.h */,
				EB145AA61C92759F00F75B0D /* AppDelegate.m */,
				EB145AC91C9299FE00F75B0D /* Common.h */,
				EB145AA81C92759F00F75B0D /* ViewController.h */,
				EB145AA91C92759F00F75B0D /* ViewController.m */,
				EB145AB91C92771D00F75B0D /* VIMessage.h */,
				EB145ABA1C92771D00F75B0D /* VIMessage.m */,
				EB145AAB1C92759F00F75B0D /* Main.storyboard */,
				EB145AAE1C92759F00F75B0D /* Assets.xcassets */,
				EB145AB01C92759F00F75B0D /* LaunchScreen.storyboard */,
				EB145AB31C92759F00F75B0D /* Info.plist */,
				EB145AA21C92759F00F75B0D /* Supporting Files */,
			);
			path = MBProgressHUDDemoPerson;
			sourceTree = "<group>";
		};
		EB145AA21C92759F00F75B0D /* Supporting Files */ = {
			isa = PBXGroup;
			children = (
				EB145AA31C92759F00F75B0D /* main.m */,
			);
			name = "Supporting Files";
			sourceTree = "<group>";
		};
		EB145ABC1C92778600F75B0D /* MBProgressHUD */ = {
			isa = PBXGroup;
			children = (
				EB145ABD1C92778600F75B0D /* LICENSE */,
				EB145ABE1C92778600F75B0D /* MBProgressHUD.h */,
				EB145ABF1C92778600F75B0D /* MBProgressHUD.m */,
				EB145AC01C92778600F75B0D /* README.mdown */,
			);
			path = MBProgressHUD;
			sourceTree = "<group>";
		};
		EB7D93AC1C983420007CA0FB /* MBProgressHUD+YL */ = {
			isa = PBXGroup;
			children = (
				EB7D93AD1C983673007CA0FB /* MBProgressHUD+YL.h */,
				EB7D93AE1C983673007CA0FB /* MBProgressHUD+YL.m */,
				EB31D5A51C9843CC00338333 /* MBProgressHUD.bundle */,
			);
			path = "MBProgressHUD+YL";
			sourceTree = "<group>";
		};
/* End PBXGroup section */

/* Begin PBXNativeTarget section */
		EB145A9E1C92759F00F75B0D /* MBProgressHUDDemoPerson */ = {
			isa = PBXNativeTarget;
			buildConfigurationList = EB145AB61C92759F00F75B0D /* Build configuration list for PBXNativeTarget "MBProgressHUDDemoPerson" */;
			buildPhases = (
				EB145A9B1C92759F00F75B0D /* Sources */,
				EB145A9D1C92759F00F75B0D /* Resources */,
				EB145A9C1C92759F00F75B0D /* Frameworks */,
			);
			buildRules = (
			);
			dependencies = (
			);
			name = MBProgressHUDDemoPerson;
			productName = MBProgressHUDDemoPerson;
			productReference = EB145A9F1C92759F00F75B0D /* MBProgressHUDDemoPerson.app */;
			productType = "com.apple.product-type.application";
		};
/* End PBXNativeTarget section */

/* Begin PBXProject section */
		EB145A971C92759F00F75B0D /* Project object */ = {
			isa = PBXProject;
			attributes = {
				LastUpgradeCheck = 0710;
				ORGANIZATIONNAME = com.hyh;
				TargetAttributes = {
					EB145A9E1C92759F00F75B0D = {
						CreatedOnToolsVersion = 7.1.1;
					};
				};
			};
			buildConfigurationList = EB145A9A1C92759F00F75B0D /* Build configuration list for PBXProject "MBProgressHUDDemoPerson" */;
			compatibilityVersion = "Xcode 3.2";
			developmentRegion = English;
			hasScannedForEncodings = 0;
			knownRegions = (
				en,
				Base,
			);
			mainGroup = EB145A961C92759F00F75B0D;
			productRefGroup = EB145AA01C92759F00F75B0D /* Products */;
			projectDirPath = "";
			projectRoot = "";
			targets = (
				EB145A9E1C92759F00F75B0D /* MBProgressHUDDemoPerson */,
			);
		};
/* End PBXProject section */

/* Begin PBXResourcesBuildPhase section */
		EB145A9D1C92759F00F75B0D /* Resources */ = {
			isa = PBXResourcesBuildPhase;
			buildActionMask = 2147483647;
			files = (
				EB145AB21C92759F00F75B0D /* LaunchScreen.storyboard in Resources */,
				EB145AAF1C92759F00F75B0D /* Assets.xcassets in Resources */,
				EB31D5A61C9843CC00338333 /* MBProgressHUD.bundle in Resources */,
				EB145AC11C92778600F75B0D /* LICENSE in Resources */,
				EB145AAD1C92759F00F75B0D /* Main.storyboard in Resources */,
			);
			runOnlyForDeploymentPostprocessing = 0;
		};
/* End PBXResourcesBuildPhase section */

/* Begin PBXSourcesBuildPhase section */
		EB145A9B1C92759F00F75B0D /* Sources */ = {
			isa = PBXSourcesBuildPhase;
			buildActionMask = 2147483647;
			files = (
				EB145AAA1C92759F00F75B0D /* ViewController.m in Sources */,
				EB145AA71C92759F00F75B0D /* AppDelegate.m in Sources */,
				EB145AC21C92778600F75B0D /* MBProgressHUD.m in Sources */,
				EB145AC31C92778600F75B0D /* README.mdown in Sources */,
				EB145ABB1C92771D00F75B0D /* VIMessage.m in Sources */,
				EB7D93AF1C983673007CA0FB /* MBProgressHUD+YL.m in Sources */,
				EB145AA41C92759F00F75B0D /* main.m in Sources */,
			);
			runOnlyForDeploymentPostprocessing = 0;
		};
/* End PBXSourcesBuildPhase section */

/* Begin PBXVariantGroup section */
		EB145AAB1C92759F00F75B0D /* Main.storyboard */ = {
			isa = PBXVariantGroup;
			children = (
				EB145AAC1C92759F00F75B0D /* Base */,
			);
			name = Main.storyboard;
			sourceTree = "<group>";
		};
		EB145AB01C92759F00F75B0D /* LaunchScreen.storyboard */ = {
			isa = PBXVariantGroup;
			children = (
				EB145AB11C92759F00F75B0D /* Base */,
			);
			name = LaunchScreen.storyboard;
			sourceTree = "<group>";
		};
/* End PBXVariantGroup section */

/* Begin XCBuildConfiguration section */
		EB145AB41C92759F00F75B0D /* Debug */ = {
			isa = XCBuildConfiguration;
			buildSettings = {
				ALWAYS_SEARCH_USER_PATHS = NO;
				CLANG_CXX_LANGUAGE_STANDARD = "gnu++0x";
				CLANG_CXX_LIBRARY = "libc++";
				CLANG_ENABLE_MODULES = YES;
				CLANG_ENABLE_OBJC_ARC = YES;
				CLANG_WARN_BOOL_CONVERSION = YES;
				CLANG_WARN_CONSTANT_CONVERSION = YES;
				CLANG_WARN_DIRECT_OBJC_ISA_USAGE = YES_ERROR;
				CLANG_WARN_EMPTY_BODY = YES;
				CLANG_WARN_ENUM_CONVERSION = YES;
				CLANG_WARN_INT_CONVERSION = YES;
				CLANG_WARN_OBJC_ROOT_CLASS = YES_ERROR;
				CLANG_WARN_UNREACHABLE_CODE = YES;
				CLANG_WARN__DUPLICATE_METHOD_MATCH = YES;
				"CODE_SIGN_IDENTITY[sdk=iphoneos*]" = "iPhone Developer";
				COPY_PHASE_STRIP = NO;
				DEBUG_INFORMATION_FORMAT = dwarf;
				ENABLE_STRICT_OBJC_MSGSEND = YES;
				ENABLE_TESTABILITY = YES;
				GCC_C_LANGUAGE_STANDARD = gnu99;
				GCC_DYNAMIC_NO_PIC = NO;
				GCC_NO_COMMON_BLOCKS = YES;
				GCC_OPTIMIZATION_LEVEL = 0;
				GCC_PREPROCESSOR_DEFINITIONS = (
					"DEBUG=1",
					"$(inherited)",
				);
				GCC_WARN_64_TO_32_BIT_CONVERSION = YES;
				GCC_WARN_ABOUT_RETURN_TYPE = YES_ERROR;
				GCC_WARN_UNDECLARED_SELECTOR = YES;
				GCC_WARN_UNINITIALIZED_AUTOS = YES_AGGRESSIVE;
				GCC_WARN_UNUSED_FUNCTION = YES;
				GCC_WARN_UNUSED_VARIABLE = YES;
				IPHONEOS_DEPLOYMENT_TARGET = 9.1;
				MTL_ENABLE_DEBUG_INFO = YES;
				ONLY_ACTIVE_ARCH = YES;
				SDKROOT = iphoneos;
			};
			name = Debug;
		};
		EB145AB51C92759F00F75B0D /* Release */ = {
			isa = XCBuildConfiguration;
			buildSettings = {
				ALWAYS_SEARCH_USER_PATHS = NO;
				CLANG_CXX_LANGUAGE_STANDARD = "gnu++0x";
				CLANG_CXX_LIBRARY = "libc++";
				CLANG_ENABLE_MODULES = YES;
				CLANG_ENABLE_OBJC_ARC = YES;
				CLANG_WARN_BOOL_CONVERSION = YES;
				CLANG_WARN_CONSTANT_CONVERSION = YES;
				CLANG_WARN_DIRECT_OBJC_ISA_USAGE = YES_ERROR;
				CLANG_WARN_EMPTY_BODY = YES;
				CLANG_WARN_ENUM_CONVERSION = YES;
				CLANG_WARN_INT_CONVERSION = YES;
				CLANG_WARN_OBJC_ROOT_CLASS = YES_ERROR;
				CLANG_WARN_UNREACHABLE_CODE = YES;
				CLANG_WARN__DUPLICATE_METHOD_MATCH = YES;
				"CODE_SIGN_IDENTITY[sdk=iphoneos*]" = "iPhone Developer";
				COPY_PHASE_STRIP = NO;
				DEBUG_INFORMATION_FORMAT = "dwarf-with-dsym";
				ENABLE_NS_ASSERTIONS = NO;
				ENABLE_STRICT_OBJC_MSGSEND = YES;
				GCC_C_LANGUAGE_STANDARD = gnu99;
				GCC_NO_COMMON_BLOCKS = YES;
				GCC_WARN_64_TO_32_BIT_CONVERSION = YES;
				GCC_WARN_ABOUT_RETURN_TYPE = YES_ERROR;
				GCC_WARN_UNDECLARED_SELECTOR = YES;
				GCC_WARN_UNINITIALIZED_AUTOS = YES_AGGRESSIVE;
				GCC_WARN_UNUSED_FUNCTION = YES;
				GCC_WARN_UNUSED_VARIABLE = YES;
				IPHONEOS_DEPLOYMENT_TARGET = 9.1;
				MTL_ENABLE_DEBUG_INFO = NO;
				SDKROOT = iphoneos;
				VALIDATE_PRODUCT = YES;
			};
			name = Release;
		};
		EB145AB71C92759F00F75B0D /* Debug */ = {
			isa = XCBuildConfiguration;
			buildSettings = {
				ASSETCATALOG_COMPILER_APPICON_NAME = AppIcon;
				CODE_SIGN_IDENTITY = "iPhone Developer";
				"CODE_SIGN_IDENTITY[sdk=iphoneos*]" = "iPhone Developer";
				INFOPLIST_FILE = MBProgressHUDDemoPerson/Info.plist;
				LD_RUNPATH_SEARCH_PATHS = "$(inherited) @executable_path/Frameworks";
				PRODUCT_BUNDLE_IDENTIFIER = hyh.MBProgressHUDDemoPerson;
				PRODUCT_NAME = "$(TARGET_NAME)";
				PROVISIONING_PROFILE = "";
			};
			name = Debug;
		};
		EB145AB81C92759F00F75B0D /* Release */ = {
			isa = XCBuildConfiguration;
			buildSettings = {
				ASSETCATALOG_COMPILER_APPICON_NAME = AppIcon;
				CODE_SIGN_IDENTITY = "iPhone Developer";
				"CODE_SIGN_IDENTITY[sdk=iphoneos*]" = "iPhone Developer";
				INFOPLIST_FILE = MBProgressHUDDemoPerson/Info.plist;
				LD_RUNPATH_SEARCH_PATHS = "$(inherited) @executable_path/Frameworks";
				PRODUCT_BUNDLE_IDENTIFIER = hyh.MBProgressHUDDemoPerson;
				PRODUCT_NAME = "$(TARGET_NAME)";
				PROVISIONING_PROFILE = "";
			};
			name = Release;
		};
/* End XCBuildConfiguration section */

/* Begin XCConfigurationList section */
		EB145A9A1C92759F00F75B0D /* Build configuration list for PBXProject "MBProgressHUDDemoPerson" */ = {
			isa = XCConfigurationList;
			buildConfigurations = (
				EB145AB41C92759F00F75B0D /* Debug */,
				EB145AB51C92759F00F75B0D /* Release */,
			);
			defaultConfigurationIsVisible = 0;
			defaultConfigurationName = Release;
		};
		EB145AB61C92759F00F75B0D /* Build configuration list for PBXNativeTarget "MBProgressHUDDemoPerson" */ = {
			isa = XCConfigurationList;
			buildConfigurations = (
				EB145AB71C92759F00F75B0D /* Debug */,
				EB145AB81C92759F00F75B0D /* Release */,
			);
			defaultConfigurationIsVisible = 0;
			defaultConfigurationName = Release;
		};
/* End XCConfigurationList section */
	};
	rootObject = EB145A971C92759F00F75B0D /* Project object */;
}
